github.com/markcanfly/example-go-dependency v0.1.0 h1:S78bfE0tmbfwAOOXULzy769FD/kJUD7CcjPvs7g2TOI=
github.com/markcanfly/example-go-dependency v0.1.0/go.mod h1:IRJ6fMnG5x+a13e78OPBXKpC/91IQMEI+FmTM7Fu5l4=
github.com/markcanfly/example-go-dependency v0.2.0 h1:FUu0SjZ+wdBNY6VfUja7zGGawqALmdvL2bqK7+KBuj4=
github.com/markcanfly/example-go-dependency v0.2.0/go.mod h1:IRJ6fMnG5x+a13e78OPBXKpC/91IQMEI+FmTM7Fu5l4=
